lockfileVersion: '9.0'

settings:
  autoInstallPeers: true
  excludeLinksFromLockfile: false

importers:

  .:
    dependencies:
      '@paperclipai/adapter-utils':
        specifier: 2026.722.0
        version: 2026.722.0
    devDependencies:
      '@types/node':
        specifier: 22.20.1
        version: 22.20.1
      typescript:
        specifier: 5.9.3
        version: 5.9.3
      vitest:
        specifier: 4.1.11
        version: 4.1.11(@types/node@22.20.1)(vite@8.3.0(@types/node@22.20.1))

packages:

  '@jridgewell/sourcemap-codec@1.6.0':
    resolution: {integrity: sha1-9MZj6GLwbcmMpNRThixGkCeJoY0=, tarball: https://ms-feed-25.pkgs.visualstudio.com/1es-public/_packaging/npm-public/npm/registry/@jridgewell/sourcemap-codec/-/sourcemap-codec-1.6.0.tgz}

  '@oxc-project/types@0.151.0':
    resolution: {integrity: sha512-J1yXrIlNDZVzE3ada310xeAw7nH8yCAyLPuUIsjKatFPmfn5bS1oW+cM+QsGOtVWd5nhSpbwZWx/rue+r5Z+PA==, tarball: https://ms-feed-25.pkgs.visualstudio.com/1es-public/_packaging/npm-public/npm/registry/@oxc-project/types/-/types-0.151.0.tgz}

  '@paperclipai/adapter-utils@2026.722.0':
    resolution: {integrity: sha512-ovgcau6R1zR+qLDPX5pc19R0YMPDl5fsvOCuwvQvKFy804R4iSKEcJcVMZL7DUEm8kEB9q427mVr4uBosCx0iw==, tarball: https://ms-feed-25.pkgs.visualstudio.com/1es-public/_packaging/npm-public/npm/registry/@paperclipai/adapter-utils/-/adapter-utils-2026.722.0.tgz}
    bundledDependencies:
      - acpx

  '@rolldown/binding-android-arm-eabi@1.2.10':
    resolution: {integrity: sha512-bp9svZb+QurZeh+8H4BhrZkifEB0YBNvTVzNSJnJQkj4NrRwmQoDUCGP0vSN7PbvLeM7l1tK6GXL8mrTiH2myg==, tarball: https://ms-feed-25.pkgs.visualstudio.com/1es-public/_packaging/npm-public/npm/registry/@rolldown/binding-android-arm-eabi/-/binding-android-arm-eabi-1.2.10.tgz}
    engines: {node: ^20.19.0 || >=22.12.0}
    cpu: [arm]
    os: [android]

  '@rolldown/binding-android-arm64@1.2.10':
    resolution: {integrity: sha512-wm6Dld3RXUAZ/gRWKyUy+4W1B5CB5UeFaOzsSWJWEdxZXHH8rCYiZ5dGe6oJmhsunAPWzL7FZV+VtvmN5Ye2eA==, tarball: https://ms-feed-25.pkgs.visualstudio.com/1es-public/_packaging/npm-public/npm/registry/@rolldown/binding-android-arm64/-/binding-android-arm64-1.2.10.tgz}
    engines: {node: ^20.19.0 || >=22.12.0}
    cpu: [arm64]
    os: [android]

  '@rolldown/binding-darwin-arm64@1.2.10':
    resolution: {integrity: sha512-UbEfXq/AqGNgRTV3ik+X/iR6mUxu2QdYAadwRxJWquUGnW6gDqdP1FtLtFXRow7RJx0ssRwi80XAPr4r+4DtsA==, tarball: https://ms-feed-25.pkgs.visualstudio.com/1es-public/_packaging/npm-public/npm/registry/@rolldown/binding-darwin-arm64/-/binding-darwin-arm64-1.2.10.tgz}
    engines: {node: ^20.19.0 || >=22.12.0}
    cpu: [arm64]
    os: [darwin]

  '@rolldown/binding-darwin-x64@1.2.10':
    resolution: {integrity: sha512-7f5h17q5KZVx/ji1vb8OTq31ch1O2I7K8NPIr44GkyWTApXMIsmhWqZfgpOH10xeauqghDAvGlZktasCkcF6Eg==, tarball: https://ms-feed-25.pkgs.visualstudio.com/1es-public/_packaging/npm-public/npm/registry/@rolldown/binding-darwin-x64/-/binding-darwin-x64-1.2.10.tgz}
    engines: {node: ^20.19.0 || >=22.12.0}
    cpu: [x64]
    os: [darwin]

  '@rolldown/binding-freebsd-x64@1.2.10':
    resolution: {integrity: sha512-ynOk/eEYhC6ZB2xCGvKrEOwE58oBy9LnrAqtkrDF9Fz1VTaNdGZTsV0VarJdhPwb+sOJTGjCLwcuyRJZ1dnMcQ==, tarball: https://ms-feed-25.pkgs.visualstudio.com/1es-public/_packaging/npm-public/npm/registry/@rolldown/binding-freebsd-x64/-/binding-freebsd-x64-1.2.10.tgz}
    engines: {node: ^20.19.0 || >=22.12.0}
    cpu: [x64]
    os: [freebsd]

  '@rolldown/binding-linux-arm-gnueabihf@1.2.10':
    resolution: {integrity: sha512-ERrAs185meZZhGan7a4l3RiiJK1ArSDlHdST++uvSxe+FDbR4TwUPahT/cbZJvaG6fIpDpF78surN+tX708Y4Q==, tarball: https://ms-feed-25.pkgs.visualstudio.com/1es-public/_packaging/npm-public/npm/registry/@rolldown/binding-linux-arm-gnueabihf/-/binding-linux-arm-gnueabihf-1.2.10.tgz}
    engines: {node: ^20.19.0 || >=22.12.0}
    cpu: [arm]
    os: [linux]

  '@rolldown/binding-linux-arm64-gnu@1.2.10':
    resolution: {integrity: sha512-KN7OHKD0J3jy1UzBwZWPxpwhODf9IARUIJcrH+yLYKOcmegZ8luEUM38lDP1bDVj40yP6PsSzCqOJF76vljFnQ==, tarball: https://ms-feed-25.pkgs.visualstudio.com/1es-public/_packaging/npm-public/npm/registry/@rolldown/binding-linux-arm64-gnu/-/binding-linux-arm64-gnu-1.2.10.tgz}
    engines: {node: ^20.19.0 || >=22.12.0}
    cpu: [arm64]
    os: [linux]
    libc: [glibc]

  '@rolldown/binding-linux-arm64-musl@1.2.10':
    resolution: {integrity: sha512-8l9wP8O+wa8zD6iw6egSfzVtu7oZVfH3hlUsMM4MwbLMhxleqeoXbZzjddyK3YyNlwLhqznq3tF7PkNJ8T/V2w==, tarball: https://ms-feed-25.pkgs.visualstudio.com/1es-public/_packaging/npm-public/npm/registry/@rolldown/binding-linux-arm64-musl/-/binding-linux-arm64-musl-1.2.10.tgz}
    engines: {node: ^20.19.0 || >=22.12.0}
    cpu: [arm64]
    os: [linux]
    libc: [musl]

  '@rolldown/binding-linux-ppc64-gnu@1.2.10':
    resolution: {integrity: sha512-SeXNKeQzA5kLhz/J0CH6ZP0/HJ3v1xm/0YbiYpE0kK7emfRC2OIGGIaE14xzkISEGv2aYuUSpiLiU5Gbq+OI0A==, tarball: https://ms-feed-25.pkgs.visualstudio.com/1es-public/_packaging/npm-public/npm/registry/@rolldown/binding-linux-ppc64-gnu/-/binding-linux-ppc64-gnu-1.2.10.tgz}
    engines: {node: ^20.19.0 || >=22.12.0}
    cpu: [ppc64]
    os: [linux]
    libc: [glibc]

  '@rolldown/binding-linux-s390x-gnu@1.2.10':
    resolution: {integrity: sha512-mtht0nR+y8/hart4175Ll15w7lY8dg7CtQ+j2FDNTsDRspOWTK/2V3l0aj9sIj7XmvqxT8Yli/wq22e7feTTWg==, tarball: https://ms-feed-25.pkgs.visualstudio.com/1es-public/_packaging/npm-public/npm/registry/@rolldown/binding-linux-s390x-gnu/-/binding-linux-s390x-gnu-1.2.10.tgz}
    engines: {node: ^20.19.0 || >=22.12.0}
    cpu: [s390x]
    os: [linux]
    libc: [glibc]

  '@rolldown/binding-linux-x64-gnu@1.2.10':
    resolution: {integrity: sha512-FSM94nGd55NYo48usCyM/nHfUKRnqc9+b0vJNuKV0oCCpIp/OGims7rO1Nv/DkFkt0S/s2rxsJ2kkS8J3HcpeA==, tarball: https://ms-feed-25.pkgs.visualstudio.com/1es-public/_packaging/npm-public/npm/registry/@rolldown/binding-linux-x64-gnu/-/binding-linux-x64-gnu-1.2.10.tgz}
    engines: {node: ^20.19.0 || >=22.12.0}
    cpu: [x64]
    os: [linux]
    libc: [glibc]

  '@rolldown/binding-linux-x64-musl@1.2.10':
    resolution: {integrity: sha512-C3YxNB16myRLs7o+B+6PnQ6jBsdIS4+AE4Ah8glVGhDpEv9AOvxhZ/1duAb4B0UGczEK/lBbccksd8VI+p6zfw==, tarball: https://ms-feed-25.pkgs.visualstudio.com/1es-public/_packaging/npm-public/npm/registry/@rolldown/binding-linux-x64-musl/-/binding-linux-x64-musl-1.2.10.tgz}
    engines: {node: ^20.19.0 || >=22.12.0}
    cpu: [x64]
    os: [linux]
    libc: [musl]

  '@rolldown/binding-openharmony-arm64@1.2.10':
    resolution: {integrity: sha512-571TlE/F1eeTjjdjYAMMMPs1Mfv3MtX6s3+ZKVU6HiUjZ5Njc6c/qzNy/8K3zALTZnaw3JQVYrHxvNfjm43KAg==, tarball: https://ms-feed-25.pkgs.visualstudio.com/1es-public/_packaging/npm-public/npm/registry/@rolldown/binding-openharmony-arm64/-/binding-openharmony-arm64-1.2.10.tgz}
    engines: {node: ^20.19.0 || >=22.12.0}
    cpu: [arm64]
    os: [openharmony]

  '@rolldown/binding-win32-arm64-msvc@1.2.10':
    resolution: {integrity: sha512-QXW+ZWaiqs2c7Fi++D/SsW07LTPcUrncxcskJGfGNBoaLik1IU6fJymz4HsqwEO0u5Iq11yTO0B/mc4cPk7jrQ==, tarball: https://ms-feed-25.pkgs.visualstudio.com/1es-public/_packaging/npm-public/npm/registry/@rolldown/binding-win32-arm64-msvc/-/binding-win32-arm64-msvc-1.2.10.tgz}
    engines: {node: ^20.19.0 || >=22.12.0}
    cpu: [arm64]
    os: [win32]

  '@rolldown/binding-win32-x64-msvc@1.2.10':
    resolution: {integrity: sha512-5FQFGgah17YeMtG1Yd5a+rMxQpTksyNXxRtKz06FVTaQw3RKYUJQbUoKk0/5jrXBpDo+7makNP7UHA2LQyH64A==, tarball: https://ms-feed-25.pkgs.visualstudio.com/1es-public/_packaging/npm-public/npm/registry/@rolldown/binding-win32-x64-msvc/-/binding-win32-x64-msvc-1.2.10.tgz}
    engines: {node: ^20.19.0 || >=22.12.0}
    cpu: [x64]
    os: [win32]

  '@rolldown/pluginutils@1.0.1':
    resolution: {integrity: sha1-4/zuCT+7XOdl4a0Ij/TeKIn2+b4=, tarball: https://ms-feed-25.pkgs.visualstudio.com/1es-public/_packaging/npm-public/npm/registry/@rolldown/pluginutils/-/pluginutils-1.0.1.tgz}

  '@standard-schema/spec@1.1.0':
    resolution: {integrity: sha1-p5tV26+GBIEvUtFAssmrQbwVC7g=, tarball: https://ms-feed-25.pkgs.visualstudio.com/1es-public/_packaging/npm-public/npm/registry/@standard-schema/spec/-/spec-1.1.0.tgz}

  '@types/chai@5.2.3':
    resolution: {integrity: sha1-jpzZ4cNYH6azQaWu1ViOsoW+C0o=, tarball: https://ms-feed-25.pkgs.visualstudio.com/1es-public/_packaging/npm-public/npm/registry/@types/chai/-/chai-5.2.3.tgz}

  '@types/deep-eql@4.0.2':
    resolution: {integrity: sha1-M0MRlx06BxIefrkbaEpgXn7qnL0=, tarball: https://ms-feed-25.pkgs.visualstudio.com/1es-public/_packaging/npm-public/npm/registry/@types/deep-eql/-/deep-eql-4.0.2.tgz}

  '@types/estree@1.0.9':
    resolution: {integrity: sha1-zz8Oh2177hWpOrkluCv1cKOQSiQ=, tarball: https://ms-feed-25.pkgs.visualstudio.com/1es-public/_packaging/npm-public/npm/registry/@types/estree/-/estree-1.0.9.tgz}

  '@types/node@22.20.1':
    resolution: {integrity: sha1-hOfN9jzaogwTSqMXzMkBqiHhbw4=, tarball: https://ms-feed-25.pkgs.visualstudio.com/1es-public/_packaging/npm-public/npm/registry/@types/node/-/node-22.20.1.tgz}

  '@vitest/expect@4.1.11':
    resolution: {integrity: sha1-X1gNH5zbujFNvyOy2RH46yOHj18=, tarball: https://ms-feed-25.pkgs.visualstudio.com/1es-public/_packaging/npm-public/npm/registry/@vitest/expect/-/expect-4.1.11.tgz}

  '@vitest/mocker@4.1.11':
    resolution: {integrity: sha1-jikGNhvF36JxdXqFiugGQxGPy7Q=, tarball: https://ms-feed-25.pkgs.visualstudio.com/1es-public/_packaging/npm-public/npm/registry/@vitest/mocker/-/mocker-4.1.11.tgz}
    peerDependencies:
      msw: ^2.4.9
      vite: ^6.0.0 || ^7.0.0 || ^8.0.0
    peerDependenciesMeta:
      msw:
        optional: true
      vite:
        optional: true

  '@vitest/pretty-format@4.1.11':
    resolution: {integrity: sha1-iyjrgkB3HW6pcOM76utBOEtRho4=, tarball: https://ms-feed-25.pkgs.visualstudio.com/1es-public/_packaging/npm-public/npm/registry/@vitest/pretty-format/-/pretty-format-4.1.11.tgz}

  '@vitest/runner@4.1.11':
    resolution: {integrity: sha1-v7rZjI1sPx+03xIFatVpgh/3fyE=, tarball: https://ms-feed-25.pkgs.visualstudio.com/1es-public/_packaging/npm-public/npm/registry/@vitest/runner/-/runner-4.1.11.tgz}

  '@vitest/snapshot@4.1.11':
    resolution: {integrity: sha1-30YesWWSSjFVmG3eaOEzYPU/PUw=, tarball: https://ms-feed-25.pkgs.visualstudio.com/1es-public/_packaging/npm-public/npm/registry/@vitest/snapshot/-/snapshot-4.1.11.tgz}

  '@vitest/spy@4.1.11':
    resolution: {integrity: sha1-Ct1FyulTr+2ciPmOL2/JFkVYwyo=, tarball: https://ms-feed-25.pkgs.visualstudio.com/1es-public/_packaging/npm-public/npm/registry/@vitest/spy/-/spy-4.1.11.tgz}

  '@vitest/utils@4.1.11':
    resolution: {integrity: sha1-myekKTuCeUKyI1Ob+rG9n36toxs=, tarball: https://ms-feed-25.pkgs.visualstudio.com/1es-public/_packaging/npm-public/npm/registry/@vitest/utils/-/utils-4.1.11.tgz}

  assertion-error@2.0.1:
    resolution: {integrity: sha1-9kGhlrM1aQsQcL8AtudZP+wZC/c=, tarball: https://ms-feed-25.pkgs.visualstudio.com/1es-public/_packaging/npm-public/npm/registry/assertion-error/-/assertion-error-2.0.1.tgz}
    engines: {node: '>=12'}

  chai@6.2.2:
    resolution: {integrity: sha1-rkG1LJrKh3NFBTYnF/MlX6zaNg4=, tarball: https://ms-feed-25.pkgs.visualstudio.com/1es-public/_packaging/npm-public/npm/registry/chai/-/chai-6.2.2.tgz}
    engines: {node: '>=18'}

  convert-source-map@2.0.0:
    resolution: {integrity: sha1-S1YPZJ/E6RjdCrdc9JYei8iC2Co=, tarball: https://ms-feed-25.pkgs.visualstudio.com/1es-public/_packaging/npm-public/npm/registry/convert-source-map/-/convert-source-map-2.0.0.tgz}

  detect-libc@2.1.2:
    resolution: {integrity: sha1-aJxdzcGQDvVYOky59te0c3QgdK0=, tarball: https://ms-feed-25.pkgs.visualstudio.com/1es-public/_packaging/npm-public/npm/registry/detect-libc/-/detect-libc-2.1.2.tgz}
    engines: {node: '>=8'}

  es-module-lexer@2.3.2:
    resolution: {integrity: sha1-MR+k9AFowZdcUFR3xRsjI01BrVU=, tarball: https://ms-feed-25.pkgs.visualstudio.com/1es-public/_packaging/npm-public/npm/registry/es-module-lexer/-/es-module-lexer-2.3.2.tgz}

  estree-walker@3.0.3:
    resolution: {integrity: sha1-Z8PlSexAKkh7T8GT0ZU6UkdSNA0=, tarball: https://ms-feed-25.pkgs.visualstudio.com/1es-public/_packaging/npm-public/npm/registry/estree-walker/-/estree-walker-3.0.3.tgz}

  expect-type@1.4.0:
    resolution: {integrity: sha1-JO338MxppE0AhWe6RZSrlvPDo9Y=, tarball: https://ms-feed-25.pkgs.visualstudio.com/1es-public/_packaging/npm-public/npm/registry/expect-type/-/expect-type-1.4.0.tgz}
    engines: {node: '>=12.0.0'}

  fdir@6.5.0:
    resolution: {integrity: sha1-7Sq5Z6MxreYvGNB32uGSaE1Q01A=, tarball: https://ms-feed-25.pkgs.visualstudio.com/1es-public/_packaging/npm-public/npm/registry/fdir/-/fdir-6.5.0.tgz}
    engines: {node: '>=12.0.0'}
    peerDependencies:
      picomatch: ^3 || ^4
    peerDependenciesMeta:
      picomatch:
        optional: true

  fsevents@2.3.3:
    resolution: {integrity: sha1-ysZAd4XQNnWipeGlMFxpezR9kNY=, tarball: https://ms-feed-25.pkgs.visualstudio.com/1es-public/_packaging/npm-public/npm/registry/fsevents/-/fsevents-2.3.3.tgz}
    engines: {node: ^8.16.0 || ^10.6.0 || >=11.0.0}
    os: [darwin]

  lightningcss-android-arm64@1.33.0:
    resolution: {integrity: sha1-mmhB+IrlD8g1ApA4krQa9BvCuQc=, tarball: https://ms-feed-25.pkgs.visualstudio.com/1es-public/_packaging/npm-public/npm/registry/lightningcss-android-arm64/-/lightningcss-android-arm64-1.33.0.tgz}
    engines: {node: '>= 12.0.0'}
    cpu: [arm64]
    os: [android]

  lightningcss-darwin-arm64@1.33.0:
    resolution: {integrity: sha1-wPLDHAv9GfpN0/GOlXofGhUgl9Y=, tarball: https://ms-feed-25.pkgs.visualstudio.com/1es-public/_packaging/npm-public/npm/registry/lightningcss-darwin-arm64/-/lightningcss-darwin-arm64-1.33.0.tgz}
    engines: {node: '>= 12.0.0'}
    cpu: [arm64]
    os: [darwin]

  lightningcss-darwin-x64@1.33.0:
    resolution: {integrity: sha1-ywcFllrLU4xmg5Sc5pJfs833w2E=, tarball: https://ms-feed-25.pkgs.visualstudio.com/1es-public/_packaging/npm-public/npm/registry/lightningcss-darwin-x64/-/lightningcss-darwin-x64-1.33.0.tgz}
    engines: {node: '>= 12.0.0'}
    cpu: [x64]
    os: [darwin]

  lightningcss-freebsd-x64@1.33.0:
    resolution: {integrity: sha1-djU4gosmurJoDa2vzITueLDrUCs=, tarball: https://ms-feed-25.pkgs.visualstudio.com/1es-public/_packaging/npm-public/npm/registry/lightningcss-freebsd-x64/-/lightningcss-freebsd-x64-1.33.0.tgz}
    engines: {node: '>= 12.0.0'}
    cpu: [x64]
    os: [freebsd]

  lightningcss-linux-arm-gnueabihf@1.33.0:
    resolution: {integrity: sha1-aGLjF2ozGu297B7TUrTX0N0HhN4=, tarball: https://ms-feed-25.pkgs.visualstudio.com/1es-public/_packaging/npm-public/npm/registry/lightningcss-linux-arm-gnueabihf/-/lightningcss-linux-arm-gnueabihf-1.33.0.tgz}
    engines: {node: '>= 12.0.0'}
    cpu: [arm]
    os: [linux]

  lightningcss-linux-arm64-gnu@1.33.0:
    resolution: {integrity: sha1-xqOi7RUUHa9r3CYokw+OOb30c6o=, tarball: https://ms-feed-25.pkgs.visualstudio.com/1es-public/_packaging/npm-public/npm/registry/lightningcss-linux-arm64-gnu/-/lightningcss-linux-arm64-gnu-1.33.0.tgz}
    engines: {node: '>= 12.0.0'}
    cpu: [arm64]
    os: [linux]
    libc: [glibc]

  lightningcss-linux-arm64-musl@1.33.0:
    resolution: {integrity: sha1-f6EzSXH8goRfmCffbvigsgkUusY=, tarball: https://ms-feed-25.pkgs.visualstudio.com/1es-public/_packaging/npm-public/npm/registry/lightningcss-linux-arm64-musl/-/lightningcss-linux-arm64-musl-1.33.0.tgz}
    engines: {node: '>= 12.0.0'}
    cpu: [arm64]
    os: [linux]
    libc: [musl]

  lightningcss-linux-x64-gnu@1.33.0:
    resolution: {integrity: sha1-i5J4YuqMK7xoMaRlCSRLUNmTblU=, tarball: https://ms-feed-25.pkgs.visualstudio.com/1es-public/_packaging/npm-public/npm/registry/lightningcss-linux-x64-gnu/-/lightningcss-linux-x64-gnu-1.33.0.tgz}
    engines: {node: '>= 12.0.0'}
    cpu: [x64]
    os: [linux]
    libc: [glibc]

  lightningcss-linux-x64-musl@1.33.0:
    resolution: {integrity: sha1-DFJbsHff2UQEwFnP5C2teX6Wrq8=, tarball: https://ms-feed-25.pkgs.visualstudio.com/1es-public/_packaging/npm-public/npm/registry/lightningcss-linux-x64-musl/-/lightningcss-linux-x64-musl-1.33.0.tgz}
    engines: {node: '>= 12.0.0'}
    cpu: [x64]
    os: [linux]
    libc: [musl]

  lightningcss-win32-arm64-msvc@1.33.0:
    resolution: {integrity: sha1-hQ7hED2smJz6tQ46wi0aaeOU5j0=, tarball: https://ms-feed-25.pkgs.visualstudio.com/1es-public/_packaging/npm-public/npm/registry/lightningcss-win32-arm64-msvc/-/lightningcss-win32-arm64-msvc-1.33.0.tgz}
    engines: {node: '>= 12.0.0'}
    cpu: [arm64]
    os: [win32]

  lightningcss-win32-x64-msvc@1.33.0:
    resolution: {integrity: sha1-40OuFS7tNgncbhGUnRo785oclG8=, tarball: https://ms-feed-25.pkgs.visualstudio.com/1es-public/_packaging/npm-public/npm/registry/lightningcss-win32-x64-msvc/-/lightningcss-win32-x64-msvc-1.33.0.tgz}
    engines: {node: '>= 12.0.0'}
    cpu: [x64]
    os: [win32]

  lightningcss@1.33.0:
    resolution: {integrity: sha1-wIhn1xp5OFxuGQIU/XL+8+X5Xws=, tarball: https://ms-feed-25.pkgs.visualstudio.com/1es-public/_packaging/npm-public/npm/registry/lightningcss/-/lightningcss-1.33.0.tgz}
    engines: {node: '>= 12.0.0'}

  magic-string@0.30.21:
    resolution: {integrity: sha1-VnY+wJoPqAkd8nh5/ZTRkHjADZE=, tarball: https://ms-feed-25.pkgs.visualstudio.com/1es-public/_packaging/npm-public/npm/registry/magic-string/-/magic-string-0.30.21.tgz}

  nanoid@3.3.19:
    resolution: {integrity: sha512-Y2tUNy4ouw6tq5oDSKeQYGOyhkUBhNOcGV/02KC+6kd9eDGqdZd++mjMiIDilrBYvjEnCYvVtsuHCuP+okSfug==, tarball: https://ms-feed-25.pkgs.visualstudio.com/1es-public/_packaging/npm-public/npm/registry/nanoid/-/nanoid-3.3.19.tgz}
    engines: {node: ^10 || ^12 || ^13.7 || ^14 || >=15.0.1}
    hasBin: true

  obug@2.2.1:
    resolution: {integrity: sha1-nEU+/u2oIgUOuXdCQulpx4TWTXg=, tarball: https://ms-feed-25.pkgs.visualstudio.com/1es-public/_packaging/npm-public/npm/registry/obug/-/obug-2.2.1.tgz}
    engines: {node: '>=12.20.0'}

  pathe@2.0.3:
    resolution: {integrity: sha1-PsvsVUIWhbcKnahyss/z4cvtFxY=, tarball: https://ms-feed-25.pkgs.visualstudio.com/1es-public/_packaging/npm-public/npm/registry/pathe/-/pathe-2.0.3.tgz}

  picocolors@1.1.1:
    resolution: {integrity: sha1-PTIa8+q5ObCDyPkpodEs2oHCa2s=, tarball: https://ms-feed-25.pkgs.visualstudio.com/1es-public/_packaging/npm-public/npm/registry/picocolors/-/picocolors-1.1.1.tgz}

  picomatch@4.0.7:
    resolution: {integrity: sha1-YxM2ADTMs2s9xh7L3/eBIfkP4h8=, tarball: https://ms-feed-25.pkgs.visualstudio.com/1es-public/_packaging/npm-public/npm/registry/picomatch/-/picomatch-4.0.7.tgz}
    engines: {node: '>=12'}

  postcss@8.5.28:
    resolution: {integrity: sha1-2kVjqZoG5i1sHNGsrjYyJLyu1uk=, tarball: https://ms-feed-25.pkgs.visualstudio.com/1es-public/_packaging/npm-public/npm/registry/postcss/-/postcss-8.5.28.tgz}
    engines: {node: ^10 || ^12 || >=14}

  rolldown@1.2.10:
    resolution: {integrity: sha512-OxkA08pSryMK7B3XiFA09B4OJ1xJMPgIYCBMY2xchzpqgBGsV1o0DetPAE+Sl3N3L4oCPiEzmHVSOj7iR04Zog==, tarball: https://ms-feed-25.pkgs.visualstudio.com/1es-public/_packaging/npm-public/npm/registry/rolldown/-/rolldown-1.2.10.tgz}
    engines: {node: ^20.19.0 || >=22.12.0}
    hasBin: true

  siginfo@2.0.0:
    resolution: {integrity: sha1-MudscLeXJOO7Vny51UPrhYzPrzA=, tarball: https://ms-feed-25.pkgs.visualstudio.com/1es-public/_packaging/npm-public/npm/registry/siginfo/-/siginfo-2.0.0.tgz}

  source-map-js@1.2.1:
    resolution: {integrity: sha1-HOVlD93YerwJnto33P8CTCZnrkY=, tarball: https://ms-feed-25.pkgs.visualstudio.com/1es-public/_packaging/npm-public/npm/registry/source-map-js/-/source-map-js-1.2.1.tgz}
    engines: {node: '>=0.10.0'}

  stackback@0.0.2:
    resolution: {integrity: sha1-Gsig2Ug4SNFpXkGLbQMaPDzmjjs=, tarball: https://ms-feed-25.pkgs.visualstudio.com/1es-public/_packaging/npm-public/npm/registry/stackback/-/stackback-0.0.2.tgz}

  std-env@4.2.0:
    resolution: {integrity: sha1-jr4OxgSFZoq0ciezEvQlTN+AydM=, tarball: https://ms-feed-25.pkgs.visualstudio.com/1es-public/_packaging/npm-public/npm/registry/std-env/-/std-env-4.2.0.tgz}

  tinybench@2.9.0:
    resolution: {integrity: sha1-EDyfi6bXI3pHq23R3P93JRhjQms=, tarball: https://ms-feed-25.pkgs.visualstudio.com/1es-public/_packaging/npm-public/npm/registry/tinybench/-/tinybench-2.9.0.tgz}

  tinyexec@1.3.1:
    resolution: {integrity: sha1-FqLjxuI/r85yZA5njmUds2FFucY=, tarball: https://ms-feed-25.pkgs.visualstudio.com/1es-public/_packaging/npm-public/npm/registry/tinyexec/-/tinyexec-1.3.1.tgz}
    engines: {node: '>=18'}

  tinyglobby@0.2.17:
    resolution: {integrity: sha1-ViqabJ6ys7Ej05cZ+a9btE/NdjE=, tarball: https://ms-feed-25.pkgs.visualstudio.com/1es-public/_packaging/npm-public/npm/registry/tinyglobby/-/tinyglobby-0.2.17.tgz}
    engines: {node: '>=12.0.0'}

  tinyrainbow@3.1.1:
    resolution: {integrity: sha1-wBaDh9PY1wtrPCwJNt5f7nOM6iA=, tarball: https://ms-feed-25.pkgs.visualstudio.com/1es-public/_packaging/npm-public/npm/registry/tinyrainbow/-/tinyrainbow-3.1.1.tgz}
    engines: {node: '>=14.0.0'}

  typescript@5.9.3:
    resolution: {integrity: sha1-W09Z4VMQqxeiFvXWz1PuR27eZw8=, tarball: https://ms-feed-25.pkgs.visualstudio.com/1es-public/_packaging/npm-public/npm/registry/typescript/-/typescript-5.9.3.tgz}
    engines: {node: '>=14.17'}
    hasBin: true

  undici-types@6.21.0:
    resolution: {integrity: sha1-aR0ArzkJvpOn+qE75hs6W1DvEss=, tarball: https://ms-feed-25.pkgs.visualstudio.com/1es-public/_packaging/npm-public/npm/registry/undici-types/-/undici-types-6.21.0.tgz}

  vite@8.3.0:
    resolution: {integrity: sha512-lhZBVvEHefgE+HQZC9O7EBJgCU/nVzFNl7vkS4RE0APtWLP02/8QVIkQtzBxPquh7lq5/78NHipTj7ODQ6XuyQ==, tarball: https://ms-feed-25.pkgs.visualstudio.com/1es-public/_packaging/npm-public/npm/registry/vite/-/vite-8.3.0.tgz}
    engines: {node: ^20.19.0 || >=22.12.0}
    hasBin: true
    peerDependencies:
      '@types/node': ^20.19.0 || >=22.12.0
      '@vitejs/devtools': ^0.7.1
      esbuild: ^0.27.0 || ^0.28.0
      jiti: '>=1.21.0'
      less: ^4.0.0
      sass: ^1.70.0
      sass-embedded: ^1.70.0
      stylus: '>=0.54.8'
      sugarss: ^5.0.0
      terser: ^5.16.0
      tsx: ^4.8.1
      yaml: ^2.4.2
    peerDependenciesMeta:
      '@types/node':
        optional: true
      '@vitejs/devtools':
        optional: true
      esbuild:
        optional: true
      jiti:
        optional: true
      less:
        optional: true
      sass:
        optional: true
      sass-embedded:
        optional: true
      stylus:
        optional: true
      sugarss:
        optional: true
      terser:
        optional: true
      tsx:
        optional: true
      yaml:
        optional: true

  vitest@4.1.11:
    resolution: {integrity: sha1-FlPBUhrpF/lg2bIYd3l8R9/YvyE=, tarball: https://ms-feed-25.pkgs.visualstudio.com/1es-public/_packaging/npm-public/npm/registry/vitest/-/vitest-4.1.11.tgz}
    engines: {node: ^20.0.0 || ^22.0.0 || >=24.0.0}
    hasBin: true
    peerDependencies:
      '@edge-runtime/vm': '*'
      '@opentelemetry/api': ^1.9.0
      '@types/node': ^20.0.0 || ^22.0.0 || >=24.0.0
      '@vitest/browser-playwright': 4.1.11
      '@vitest/browser-preview': 4.1.11
      '@vitest/browser-webdriverio': 4.1.11
      '@vitest/coverage-istanbul': 4.1.11
      '@vitest/coverage-v8': 4.1.11
      '@vitest/ui': 4.1.11
      happy-dom: '*'
      jsdom: '*'
      vite: ^6.0.0 || ^7.0.0 || ^8.0.0
    peerDependenciesMeta:
      '@edge-runtime/vm':
        optional: true
      '@opentelemetry/api':
        optional: true
      '@types/node':
        optional: true
      '@vitest/browser-playwright':
        optional: true
      '@vitest/browser-preview':
        optional: true
      '@vitest/browser-webdriverio':
        optional: true
      '@vitest/coverage-istanbul':
        optional: true
      '@vitest/coverage-v8':
        optional: true
      '@vitest/ui':
        optional: true
      happy-dom:
        optional: true
      jsdom:
        optional: true

  why-is-node-running@2.3.0:
    resolution: {integrity: sha1-o/aalxB/SUs83Dvd3Yg6fWXOvwQ=, tarball: https://ms-feed-25.pkgs.visualstudio.com/1es-public/_packaging/npm-public/npm/registry/why-is-node-running/-/why-is-node-running-2.3.0.tgz}
    engines: {node: '>=8'}
    hasBin: true

snapshots:

  '@jridgewell/sourcemap-codec@1.6.0': {}

  '@oxc-project/types@0.151.0': {}

  '@paperclipai/adapter-utils@2026.722.0':
    dependencies:
      picocolors: 1.1.1

  '@rolldown/binding-android-arm-eabi@1.2.10':
    optional: true

  '@rolldown/binding-android-arm64@1.2.10':
    optional: true

  '@rolldown/binding-darwin-arm64@1.2.10':
    optional: true

  '@rolldown/binding-darwin-x64@1.2.10':
    optional: true

  '@rolldown/binding-freebsd-x64@1.2.10':
    optional: true

  '@rolldown/binding-linux-arm-gnueabihf@1.2.10':
    optional: true

  '@rolldown/binding-linux-arm64-gnu@1.2.10':
    optional: true

  '@rolldown/binding-linux-arm64-musl@1.2.10':
    optional: true

  '@rolldown/binding-linux-ppc64-gnu@1.2.10':
    optional: true

  '@rolldown/binding-linux-s390x-gnu@1.2.10':
    optional: true

  '@rolldown/binding-linux-x64-gnu@1.2.10':
    optional: true

  '@rolldown/binding-linux-x64-musl@1.2.10':
    optional: true

  '@rolldown/binding-openharmony-arm64@1.2.10':
    optional: true

  '@rolldown/binding-win32-arm64-msvc@1.2.10':
    optional: true

  '@rolldown/binding-win32-x64-msvc@1.2.10':
    optional: true

  '@rolldown/pluginutils@1.0.1': {}

  '@standard-schema/spec@1.1.0': {}

  '@types/chai@5.2.3':
    dependencies:
      '@types/deep-eql': 4.0.2
      assertion-error: 2.0.1

  '@types/deep-eql@4.0.2': {}

  '@types/estree@1.0.9': {}

  '@types/node@22.20.1':
    dependencies:
      undici-types: 6.21.0

  '@vitest/expect@4.1.11':
    dependencies:
      '@standard-schema/spec': 1.1.0
      '@types/chai': 5.2.3
      '@vitest/spy': 4.1.11
      '@vitest/utils': 4.1.11
      chai: 6.2.2
      tinyrainbow: 3.1.1

  '@vitest/mocker@4.1.11(vite@8.3.0(@types/node@22.20.1))':
    dependencies:
      '@vitest/spy': 4.1.11
      estree-walker: 3.0.3
      magic-string: 0.30.21
    optionalDependencies:
      vite: 8.3.0(@types/node@22.20.1)

  '@vitest/pretty-format@4.1.11':
    dependencies:
      tinyrainbow: 3.1.1

  '@vitest/runner@4.1.11':
    dependencies:
      '@vitest/utils': 4.1.11
      pathe: 2.0.3

  '@vitest/snapshot@4.1.11':
    dependencies:
      '@vitest/pretty-format': 4.1.11
      '@vitest/utils': 4.1.11
      magic-string: 0.30.21
      pathe: 2.0.3

  '@vitest/spy@4.1.11': {}

  '@vitest/utils@4.1.11':
    dependencies:
      '@vitest/pretty-format': 4.1.11
      convert-source-map: 2.0.0
      tinyrainbow: 3.1.1

  assertion-error@2.0.1: {}

  chai@6.2.2: {}

  convert-source-map@2.0.0: {}

  detect-libc@2.1.2: {}

  es-module-lexer@2.3.2: {}

  estree-walker@3.0.3:
    dependencies:
      '@types/estree': 1.0.9

  expect-type@1.4.0: {}

  fdir@6.5.0(picomatch@4.0.7):
    optionalDependencies:
      picomatch: 4.0.7

  fsevents@2.3.3:
    optional: true

  lightningcss-android-arm64@1.33.0:
    optional: true

  lightningcss-darwin-arm64@1.33.0:
    optional: true

  lightningcss-darwin-x64@1.33.0:
    optional: true

  lightningcss-freebsd-x64@1.33.0:
    optional: true

  lightningcss-linux-arm-gnueabihf@1.33.0:
    optional: true

  lightningcss-linux-arm64-gnu@1.33.0:
    optional: true

  lightningcss-linux-arm64-musl@1.33.0:
    optional: true

  lightningcss-linux-x64-gnu@1.33.0:
    optional: true

  lightningcss-linux-x64-musl@1.33.0:
    optional: true

  lightningcss-win32-arm64-msvc@1.33.0:
    optional: true

  lightningcss-win32-x64-msvc@1.33.0:
    optional: true

  lightningcss@1.33.0:
    dependencies:
      detect-libc: 2.1.2
    optionalDependencies:
      lightningcss-android-arm64: 1.33.0
      lightningcss-darwin-arm64: 1.33.0
      lightningcss-darwin-x64: 1.33.0
      lightningcss-freebsd-x64: 1.33.0
      lightningcss-linux-arm-gnueabihf: 1.33.0
      lightningcss-linux-arm64-gnu: 1.33.0
      lightningcss-linux-arm64-musl: 1.33.0
      lightningcss-linux-x64-gnu: 1.33.0
      lightningcss-linux-x64-musl: 1.33.0
      lightningcss-win32-arm64-msvc: 1.33.0
      lightningcss-win32-x64-msvc: 1.33.0

  magic-string@0.30.21:
    dependencies:
      '@jridgewell/sourcemap-codec': 1.6.0

  nanoid@3.3.19: {}

  obug@2.2.1: {}

  pathe@2.0.3: {}

  picocolors@1.1.1: {}

  picomatch@4.0.7: {}

  postcss@8.5.28:
    dependencies:
      nanoid: 3.3.19
      picocolors: 1.1.1
      source-map-js: 1.2.1

  rolldown@1.2.10:
    dependencies:
      '@oxc-project/types': 0.151.0
      '@rolldown/pluginutils': 1.0.1
    optionalDependencies:
      '@rolldown/binding-android-arm-eabi': 1.2.10
      '@rolldown/binding-android-arm64': 1.2.10
      '@rolldown/binding-darwin-arm64': 1.2.10
      '@rolldown/binding-darwin-x64': 1.2.10
      '@rolldown/binding-freebsd-x64': 1.2.10
      '@rolldown/binding-linux-arm-gnueabihf': 1.2.10
      '@rolldown/binding-linux-arm64-gnu': 1.2.10
      '@rolldown/binding-linux-arm64-musl': 1.2.10
      '@rolldown/binding-linux-ppc64-gnu': 1.2.10
      '@rolldown/binding-linux-s390x-gnu': 1.2.10
      '@rolldown/binding-linux-x64-gnu': 1.2.10
      '@rolldown/binding-linux-x64-musl': 1.2.10
      '@rolldown/binding-openharmony-arm64': 1.2.10
      '@rolldown/binding-win32-arm64-msvc': 1.2.10
      '@rolldown/binding-win32-x64-msvc': 1.2.10

  siginfo@2.0.0: {}

  source-map-js@1.2.1: {}

  stackback@0.0.2: {}

  std-env@4.2.0: {}

  tinybench@2.9.0: {}

  tinyexec@1.3.1: {}

  tinyglobby@0.2.17:
    dependencies:
      fdir: 6.5.0(picomatch@4.0.7)
      picomatch: 4.0.7

  tinyrainbow@3.1.1: {}

  typescript@5.9.3: {}

  undici-types@6.21.0: {}

  vite@8.3.0(@types/node@22.20.1):
    dependencies:
      lightningcss: 1.33.0
      picomatch: 4.0.7
      postcss: 8.5.28
      rolldown: 1.2.10
      tinyglobby: 0.2.17
    optionalDependencies:
      '@types/node': 22.20.1
      fsevents: 2.3.3

  vitest@4.1.11(@types/node@22.20.1)(vite@8.3.0(@types/node@22.20.1)):
    dependencies:
      '@vitest/expect': 4.1.11
      '@vitest/mocker': 4.1.11(vite@8.3.0(@types/node@22.20.1))
      '@vitest/pretty-format': 4.1.11
      '@vitest/runner': 4.1.11
      '@vitest/snapshot': 4.1.11
      '@vitest/spy': 4.1.11
      '@vitest/utils': 4.1.11
      es-module-lexer: 2.3.2
      expect-type: 1.4.0
      magic-string: 0.30.21
      obug: 2.2.1
      pathe: 2.0.3
      picomatch: 4.0.7
      std-env: 4.2.0
      tinybench: 2.9.0
      tinyexec: 1.3.1
      tinyglobby: 0.2.17
      tinyrainbow: 3.1.1
      vite: 8.3.0(@types/node@22.20.1)
      why-is-node-running: 2.3.0
    optionalDependencies:
      '@types/node': 22.20.1
    transitivePeerDependencies:
      - msw

  why-is-node-running@2.3.0:
    dependencies:
      siginfo: 2.0.0
      stackback: 0.0.2
